
Microsoft Visual Studio Solution File, Format Version 12.00
# Visual Studio Version 16
VisualStudioVersion = 16.0.29509.3
MinimumVisualStudioVersion = 10.0.40219.1
Project("{FAE04EC0-301F-11D3-BF4B-00C04F79EFBC}") = "GZippy", "GZippy\GZippy.csproj", "{1BB63A17-90DA-466C-965A-1D6518D453EB}"
EndProject
Global
	GlobalSection(SolutionConfigurationPlatforms) = preSolution
		Debug|Any CPU = Debug|Any CPU
		Release|Any CPU = Release|Any CPU
	EndGlobalSection
	GlobalSection(ProjectConfigurationPlatforms) = postSolution
		{1BB63A17-90DA-466C-965A-1D6518D453EB}.Debug|Any CPU.ActiveCfg = Debug|Any CPU
		{1BB63A17-90DA-466C-965A-1D6518D453EB}.Debug|Any CPU.Build.0 = Debug|Any CPU
		{1BB63A17-90DA-466C-965A-1D6518D453EB}.Release|Any CPU.ActiveCfg = Release|Any CPU
		{1BB63A17-90DA-466C-965A-1D6518D453EB}.Release|Any CPU.Build.0 = Release|Any CPU
	EndGlobalSection
	GlobalSection(SolutionProperties) = preSolution
		HideSolutionNode = FALSE
	EndGlobalSection
	GlobalSection(ExtensibilityGlobals) = postSolution
		SolutionGuid = {9353CAA6-0107-49CE-A43B-AAEF8BCECA98}
	EndGlobalSection
EndGlobal
